{
    "_meta": {
        "hash": {
            "sha256": "aadad2ec0e8e2d5d3fd15b4007ff947a6f985b3da337fe2a5ce6b9e6eff54f98"
        },
        "pipfile-spec": 6,
        "requires": {
            "python_version": "3.7"
        },
        "sources": [
            {
                "name": "pypi",
                "url": "https://pypi.org/simple",
                "verify_ssl": true
            }
        ]
    },
    "default": {
        "ecdsa": {
            "hashes": [
                "sha256:20c17e527e75acad8f402290e158a6ac178b91b881f941fc6ea305bfdfb9657c",
                "sha256:5c034ffa23413ac923541ceb3ac14ec15a0d2530690413bff58c12b80e56d884"
            ],
            "version": "==0.13.2"
        },
        "esptool": {
            "hashes": [
                "sha256:b6499377048113935e0611f4a06ff6e6f43c1e668e96c1f087c89f4e9ed02ccb"
            ],
            "index": "pypi",
            "version": "==2.7"
        },
        "pyaes": {
            "hashes": [
                "sha256:02c1b1405c38d3c370b085fb952dd8bea3fadcee6411ad99f312cc129c536d8f",
                "sha256:25d97288fd7e69ead30b955991a82d496d2be66942f25ac5b37c8f3dad828762"
            ],
            "version": "==1.6.1"
        },
        "pyserial": {
            "hashes": [
                "sha256:6e2d401fdee0eab996cf734e67773a0143b932772ca8b42451440cfed942c627",
                "sha256:e0770fadba80c31013896c7e6ef703f72e7834965954a78e71a3049488d4d7d8"
            ],
            "version": "==3.4"
        }
    },
    "develop": {}
}
